
Microsoft Visual Studio Solution File, Format Version 12.00
# Visual Studio Version 16
VisualStudioVersion = 16.0.30804.86
MinimumVisualStudioVersion = 10.0.40219.1
Project("{8BC9CEB8-8B4A-11D0-8D11-00A0C91BC942}") = "Task 1", "Task 1\Task 1.vcxproj", "{DDF5554E-DD03-4EEE-A250-066A2F291EC6}"
EndProject
Project("{8BC9CEB8-8B4A-11D0-8D11-00A0C91BC942}") = "Practice 1", "Practice 1\Practice 1.vcxproj", "{752A7C91-713A-4889-8937-6D0D251332FE}"
EndProject
Global
	GlobalSection(SolutionConfigurationPlatforms) = preSolution
		Debug|x64 = Debug|x64
		Debug|x86 = Debug|x86
		Release|x64 = Release|x64
		Release|x86 = Release|x86
	EndGlobalSection
	GlobalSection(ProjectConfigurationPlatforms) = postSolution
		{DDF5554E-DD03-4EEE-A250-066A2F291EC6}.Debug|x64.ActiveCfg = Debug|x64
		{DDF5554E-DD03-4EEE-A250-066A2F291EC6}.Debug|x64.Build.0 = Debug|x64
		{DDF5554E-DD03-4EEE-A250-066A2F291EC6}.Debug|x86.ActiveCfg = Debug|Win32
		{DDF5554E-DD03-4EEE-A250-066A2F291EC6}.Debug|x86.Build.0 = Debug|Win32
		{DDF5554E-DD03-4EEE-A250-066A2F291EC6}.Release|x64.ActiveCfg = Release|x64
		{DDF5554E-DD03-4EEE-A250-066A2F291EC6}.Release|x64.Build.0 = Release|x64
		{DDF5554E-DD03-4EEE-A250-066A2F291EC6}.Release|x86.ActiveCfg = Release|Win32
		{DDF5554E-DD03-4EEE-A250-066A2F291EC6}.Release|x86.Build.0 = Release|Win32
		{752A7C91-713A-4889-8937-6D0D251332FE}.Debug|x64.ActiveCfg = Debug|x64
		{752A7C91-713A-4889-8937-6D0D251332FE}.Debug|x64.Build.0 = Debug|x64
		{752A7C91-713A-4889-8937-6D0D251332FE}.Debug|x86.ActiveCfg = Debug|Win32
		{752A7C91-713A-4889-8937-6D0D251332FE}.Debug|x86.Build.0 = Debug|Win32
		{752A7C91-713A-4889-8937-6D0D251332FE}.Release|x64.ActiveCfg = Release|x64
		{752A7C91-713A-4889-8937-6D0D251332FE}.Release|x64.Build.0 = Release|x64
		{752A7C91-713A-4889-8937-6D0D251332FE}.Release|x86.ActiveCfg = Release|Win32
		{752A7C91-713A-4889-8937-6D0D251332FE}.Release|x86.Build.0 = Release|Win32
	EndGlobalSection
	GlobalSection(SolutionProperties) = preSolution
		HideSolutionNode = FALSE
	EndGlobalSection
	GlobalSection(ExtensibilityGlobals) = postSolution
		SolutionGuid = {5824253A-82A6-4669-A885-8E29CEEB0755}
	EndGlobalSection
EndGlobal
