
Microsoft Visual Studio Solution File, Format Version 12.00
# Visual Studio Version 16
VisualStudioVersion = 16.0.30330.147
MinimumVisualStudioVersion = 10.0.40219.1
Project("{8BC9CEB8-8B4A-11D0-8D11-00A0C91BC942}") = "Task 1", "Task 1\Task 1.vcxproj", "{C8AE1540-BC48-45DB-BA44-694477B113C9}"
EndProject
Project("{8BC9CEB8-8B4A-11D0-8D11-00A0C91BC942}") = "Task 2", "Task 2\Task 2.vcxproj", "{13A63923-FCD7-4AB6-8E4B-286BBDB479AB}"
EndProject
Global
	GlobalSection(SolutionConfigurationPlatforms) = preSolution
		Debug|x64 = Debug|x64
		Debug|x86 = Debug|x86
		Release|x64 = Release|x64
		Release|x86 = Release|x86
	EndGlobalSection
	GlobalSection(ProjectConfigurationPlatforms) = postSolution
		{C8AE1540-BC48-45DB-BA44-694477B113C9}.Debug|x64.ActiveCfg = Debug|x64
		{C8AE1540-BC48-45DB-BA44-694477B113C9}.Debug|x64.Build.0 = Debug|x64
		{C8AE1540-BC48-45DB-BA44-694477B113C9}.Debug|x86.ActiveCfg = Debug|Win32
		{C8AE1540-BC48-45DB-BA44-694477B113C9}.Debug|x86.Build.0 = Debug|Win32
		{C8AE1540-BC48-45DB-BA44-694477B113C9}.Release|x64.ActiveCfg = Release|x64
		{C8AE1540-BC48-45DB-BA44-694477B113C9}.Release|x64.Build.0 = Release|x64
		{C8AE1540-BC48-45DB-BA44-694477B113C9}.Release|x86.ActiveCfg = Release|Win32
		{C8AE1540-BC48-45DB-BA44-694477B113C9}.Release|x86.Build.0 = Release|Win32
		{13A63923-FCD7-4AB6-8E4B-286BBDB479AB}.Debug|x64.ActiveCfg = Debug|x64
		{13A63923-FCD7-4AB6-8E4B-286BBDB479AB}.Debug|x64.Build.0 = Debug|x64
		{13A63923-FCD7-4AB6-8E4B-286BBDB479AB}.Debug|x86.ActiveCfg = Debug|Win32
		{13A63923-FCD7-4AB6-8E4B-286BBDB479AB}.Debug|x86.Build.0 = Debug|Win32
		{13A63923-FCD7-4AB6-8E4B-286BBDB479AB}.Release|x64.ActiveCfg = Release|x64
		{13A63923-FCD7-4AB6-8E4B-286BBDB479AB}.Release|x64.Build.0 = Release|x64
		{13A63923-FCD7-4AB6-8E4B-286BBDB479AB}.Release|x86.ActiveCfg = Release|Win32
		{13A63923-FCD7-4AB6-8E4B-286BBDB479AB}.Release|x86.Build.0 = Release|Win32
	EndGlobalSection
	GlobalSection(SolutionProperties) = preSolution
		HideSolutionNode = FALSE
	EndGlobalSection
	GlobalSection(ExtensibilityGlobals) = postSolution
		SolutionGuid = {9EF2340C-B17E-494D-83A5-3525AEC77205}
	EndGlobalSection
EndGlobal
